
Microsoft Visual Studio Solution File, Format Version 12.00
# Visual Studio Version 17
VisualStudioVersion = 17.1.32210.238
MinimumVisualStudioVersion = 10.0.40219.1
Project("{FAE04EC0-301F-11D3-BF4B-00C04F79EFBC}") = "ITMO.CSCourse2022.UserIn3", "ITMO.CSCourse2022.UserIn3\ITMO.CSCourse2022.UserIn3.csproj", "{7EEA8AD5-0867-41E0-B2B7-EA3A41DCDF86}"
EndProject
Global
	GlobalSection(SolutionConfigurationPlatforms) = preSolution
		Debug|Any CPU = Debug|Any CPU
		Release|Any CPU = Release|Any CPU
	EndGlobalSection
	GlobalSection(ProjectConfigurationPlatforms) = postSolution
		{7EEA8AD5-0867-41E0-B2B7-EA3A41DCDF86}.Debug|Any CPU.ActiveCfg = Debug|Any CPU
		{7EEA8AD5-0867-41E0-B2B7-EA3A41DCDF86}.Debug|Any CPU.Build.0 = Debug|Any CPU
		{7EEA8AD5-0867-41E0-B2B7-EA3A41DCDF86}.Release|Any CPU.ActiveCfg = Release|Any CPU
		{7EEA8AD5-0867-41E0-B2B7-EA3A41DCDF86}.Release|Any CPU.Build.0 = Release|Any CPU
	EndGlobalSection
	GlobalSection(SolutionProperties) = preSolution
		HideSolutionNode = FALSE
	EndGlobalSection
	GlobalSection(ExtensibilityGlobals) = postSolution
		SolutionGuid = {1227EC34-F7E6-479B-A6C0-BBBADE9BB4BE}
	EndGlobalSection
EndGlobal
