
Microsoft Visual Studio Solution File, Format Version 12.00
# Visual Studio Version 17
VisualStudioVersion = 17.1.32210.238
MinimumVisualStudioVersion = 10.0.40219.1
Project("{FAE04EC0-301F-11D3-BF4B-00C04F79EFBC}") = "ITMO.CSCourse2022.WpfHello", "ITMO.CSCourse2022.WpfHello\ITMO.CSCourse2022.WpfHello.csproj", "{0E5BFF8E-C14A-4842-9DE7-47DF765381DC}"
EndProject
Global
	GlobalSection(SolutionConfigurationPlatforms) = preSolution
		Debug|Any CPU = Debug|Any CPU
		Release|Any CPU = Release|Any CPU
	EndGlobalSection
	GlobalSection(ProjectConfigurationPlatforms) = postSolution
		{0E5BFF8E-C14A-4842-9DE7-47DF765381DC}.Debug|Any CPU.ActiveCfg = Debug|Any CPU
		{0E5BFF8E-C14A-4842-9DE7-47DF765381DC}.Debug|Any CPU.Build.0 = Debug|Any CPU
		{0E5BFF8E-C14A-4842-9DE7-47DF765381DC}.Release|Any CPU.ActiveCfg = Release|Any CPU
		{0E5BFF8E-C14A-4842-9DE7-47DF765381DC}.Release|Any CPU.Build.0 = Release|Any CPU
	EndGlobalSection
	GlobalSection(SolutionProperties) = preSolution
		HideSolutionNode = FALSE
	EndGlobalSection
	GlobalSection(ExtensibilityGlobals) = postSolution
		SolutionGuid = {CB9ECD71-7A6F-4473-8A21-7451F3C951BB}
	EndGlobalSection
EndGlobal
