
Microsoft Visual Studio Solution File, Format Version 12.00
# Visual Studio Version 17
VisualStudioVersion = 17.1.32210.238
MinimumVisualStudioVersion = 10.0.40219.1
Project("{FAE04EC0-301F-11D3-BF4B-00C04F79EFBC}") = "ITMO.CSCourse2022.WinAnim", "ITMO.CSCourse2022.WinAnim\ITMO.CSCourse2022.WinAnim.csproj", "{DDCD66D7-B58F-4D63-92A8-A07F31C70791}"
EndProject
Global
	GlobalSection(SolutionConfigurationPlatforms) = preSolution
		Debug|Any CPU = Debug|Any CPU
		Release|Any CPU = Release|Any CPU
	EndGlobalSection
	GlobalSection(ProjectConfigurationPlatforms) = postSolution
		{DDCD66D7-B58F-4D63-92A8-A07F31C70791}.Debug|Any CPU.ActiveCfg = Debug|Any CPU
		{DDCD66D7-B58F-4D63-92A8-A07F31C70791}.Debug|Any CPU.Build.0 = Debug|Any CPU
		{DDCD66D7-B58F-4D63-92A8-A07F31C70791}.Release|Any CPU.ActiveCfg = Release|Any CPU
		{DDCD66D7-B58F-4D63-92A8-A07F31C70791}.Release|Any CPU.Build.0 = Release|Any CPU
	EndGlobalSection
	GlobalSection(SolutionProperties) = preSolution
		HideSolutionNode = FALSE
	EndGlobalSection
	GlobalSection(ExtensibilityGlobals) = postSolution
		SolutionGuid = {3471F363-031B-4E4F-8648-5DAAB672F59C}
	EndGlobalSection
EndGlobal
